{
	"name": "socks5server",
	"version": "4.0.3",
	"lockfileVersion": 1,
	"requires": true,
	"dependencies": {
		"@types/node": {
			"version": "7.0.48",
			"resolved": "https://registry.npmjs.org/@types/node/-/node-7.0.48.tgz",
			"integrity": "sha512-LLlXafM3BD52MH056tHxTXO8JFCnpJJQkdzIU3+m8ew+CXJY/5zIXgDNb4TK/QFvlI8QexLS5tL+sE0Qhegr1w=="
		},
		"commander": {
			"version": "2.12.0",
			"resolved": "https://registry.npmjs.org/commander/-/commander-2.12.0.tgz",
			"integrity": "sha512-0FAmW4svUhnHJzjJHrg0vHi8+3Wp5mqvZTOui03Tc0515CToaw1BD7WC8ROcY08UnTJJOr4essVYvXBSPYeV2w==",
			"requires": {
				"@types/node": "7.0.48"
			}
		},
		"ip": {
			"version": "1.1.5",
			"resolved": "https://registry.npmjs.org/ip/-/ip-1.1.5.tgz",
			"integrity": "sha1-vd7XARQpCCjAoDnnLvJfWq7ENUo="
		}
	}
}
